
Microsoft Visual Studio Solution File, Format Version 12.00
# Visual Studio Version 16
VisualStudioVersion = 16.0.28803.352
MinimumVisualStudioVersion = 10.0.40219.1
Project("{FAE04EC0-301F-11D3-BF4B-00C04F79EFBC}") = "pingpeng", "pingpeng.csproj", "{A1E7B200-102A-4702-80F4-0F8062E00D25}"
EndProject
Global
	GlobalSection(SolutionConfigurationPlatforms) = preSolution
		Debug|Any CPU = Debug|Any CPU
		Release|Any CPU = Release|Any CPU
	EndGlobalSection
	GlobalSection(ProjectConfigurationPlatforms) = postSolution
		{A1E7B200-102A-4702-80F4-0F8062E00D25}.Debug|Any CPU.ActiveCfg = Debug|Any CPU
		{A1E7B200-102A-4702-80F4-0F8062E00D25}.Debug|Any CPU.Build.0 = Debug|Any CPU
		{A1E7B200-102A-4702-80F4-0F8062E00D25}.Release|Any CPU.ActiveCfg = Release|Any CPU
		{A1E7B200-102A-4702-80F4-0F8062E00D25}.Release|Any CPU.Build.0 = Release|Any CPU
	EndGlobalSection
	GlobalSection(SolutionProperties) = preSolution
		HideSolutionNode = FALSE
	EndGlobalSection
	GlobalSection(ExtensibilityGlobals) = postSolution
		SolutionGuid = {9733E8DC-B409-41A2-B719-61D454680496}
	EndGlobalSection
EndGlobal
